
Microsoft Visual Studio Solution File, Format Version 12.00
# Visual Studio Version 17
VisualStudioVersion = 17.3.32929.385
MinimumVisualStudioVersion = 10.0.40219.1
Project("{FAE04EC0-301F-11D3-BF4B-00C04F79EFBC}") = "Task_HL7_Fhir", "Task_HL7_Fhir.csproj", "{3824D50B-5B0A-4824-90B0-27C2FD7B5CBC}"
EndProject
Global
	GlobalSection(SolutionConfigurationPlatforms) = preSolution
		Debug|Any CPU = Debug|Any CPU
		Release|Any CPU = Release|Any CPU
	EndGlobalSection
	GlobalSection(ProjectConfigurationPlatforms) = postSolution
		{3824D50B-5B0A-4824-90B0-27C2FD7B5CBC}.Debug|Any CPU.ActiveCfg = Debug|Any CPU
		{3824D50B-5B0A-4824-90B0-27C2FD7B5CBC}.Debug|Any CPU.Build.0 = Debug|Any CPU
		{3824D50B-5B0A-4824-90B0-27C2FD7B5CBC}.Release|Any CPU.ActiveCfg = Release|Any CPU
		{3824D50B-5B0A-4824-90B0-27C2FD7B5CBC}.Release|Any CPU.Build.0 = Release|Any CPU
	EndGlobalSection
	GlobalSection(SolutionProperties) = preSolution
		HideSolutionNode = FALSE
	EndGlobalSection
	GlobalSection(ExtensibilityGlobals) = postSolution
		SolutionGuid = {270C7D3E-8C20-406D-B990-947D786AB781}
	EndGlobalSection
EndGlobal
